{
  "name": "iobroker.webui",
  "version": "0.0.1",
  "lockfileVersion": 2,
  "requires": true,
  "packages": {
    "": {
      "name": "iobroker.webui",
      "version": "0.0.1",
      "license": "MIT",
      "dependencies": {
        "@fortawesome/fontawesome-free": "^5.15.3",
        "@node-projects/base-custom-webcomponent": "0.0.230",
        "@node-projects/lean-he-esm": "^3.3.0",
        "@node-projects/node-html-parser-esm": "^2.2.2",
        "@node-projects/web-component-designer": "0.0.2",
        "construct-style-sheets-polyfill": "^2.4.16",
        "dock-spawn-ts": "^2.210.0",
        "esprima": "^4.0.1",
        "jquery": "^3.6.0",
        "jquery.fancytree": "^2.38.0",
        "metro4-dist": "^4.4.3",
        "mobile-drag-drop": "^2.3.0-rc.2",
        "monaco-editor": "^0.24.0"
      },
      "devDependencies": {
        "typescript": "^4.3.2"
      }
    },
    "node_modules/@fortawesome/fontawesome-free": {
      "version": "5.15.3",
      "resolved": "https://registry.npmjs.org/@fortawesome/fontawesome-free/-/fontawesome-free-5.15.3.tgz",
      "integrity": "sha512-rFnSUN/QOtnOAgqFRooTA3H57JLDm0QEG/jPdk+tLQNL/eWd+Aok8g3qCI+Q1xuDPWpGW/i9JySpJVsq8Q0s9w==",
      "hasInstallScript": true,
      "engines": {
        "node": ">=6"
      }
    },
    "node_modules/@node-projects/base-custom-webcomponent": {
      "version": "0.0.230",
      "resolved": "https://registry.npmjs.org/@node-projects/base-custom-webcomponent/-/base-custom-webcomponent-0.0.230.tgz",
      "integrity": "sha512-WM3vze7WM26gfYr1eU/CEQZOgMuUtyALt6J+uPJoFPSpAAzQeWS3xIiz/p0S0crq9mFYmEoafrtwtVCa9h1z+A=="
    },
    "node_modules/@node-projects/lean-he-esm": {
      "version": "3.3.0",
      "resolved": "https://registry.npmjs.org/@node-projects/lean-he-esm/-/lean-he-esm-3.3.0.tgz",
      "integrity": "sha512-QgPAgWiBX6o57yRWXYmmE35FrZ0NKfCO7CmZi2CmzekE+aclQV4VnYMQfZJi5xyeQUahpWFex5jnXEYZpFrW2Q==",
      "license": "MIT"
    },
    "node_modules/@node-projects/node-html-parser-esm": {
      "version": "2.2.2",
      "resolved": "https://registry.npmjs.org/@node-projects/node-html-parser-esm/-/node-html-parser-esm-2.2.2.tgz",
      "integrity": "sha512-jUNJlcSswb5LtQgRqtaIwqdEbtzYGKzGeGitbkO4B6tBbbuSToATPDA6C70mOMP0C67PJy9f89agF8gTQRQUbw==",
      "license": "MIT",
      "dependencies": {
        "@node-projects/lean-he-esm": "^3.2.0"
      }
    },
    "node_modules/@node-projects/web-component-designer": {
      "version": "0.0.2",
      "resolved": "https://registry.npmjs.org/@node-projects/web-component-designer/-/web-component-designer-0.0.2.tgz",
      "integrity": "sha512-ByvD+3mTJjXTjpUqxf19/r3FBXjjtNrCgbacRThLmc3t2sTBtaJdWwRbFH3nEMP7+7FWxl3pcaAbNhq7d8Ut8A==",
      "dependencies": {
        "@node-projects/base-custom-webcomponent": "^0.0.230",
        "construct-style-sheets-polyfill": "^2.4.16"
      }
    },
    "node_modules/construct-style-sheets-polyfill": {
      "version": "2.4.16",
      "resolved": "https://registry.npmjs.org/construct-style-sheets-polyfill/-/construct-style-sheets-polyfill-2.4.16.tgz",
      "integrity": "sha512-gaXX8c0IcLpTNj6q6TCKnhBJ1wuzmWEIrjp3pc1XfXS57WnvB3rVeAvsqYwyGOdPNdZiZYFyCOLgYbKKjhHIFg=="
    },
    "node_modules/dock-spawn-ts": {
      "version": "2.210.0",
      "resolved": "https://registry.npmjs.org/dock-spawn-ts/-/dock-spawn-ts-2.210.0.tgz",
      "integrity": "sha512-XdbtF4TyUdy4OOcAkX42wMspKJOO5ZnPXwN7RztRmcsb1HxkPldn8y3m/Mgb/J8g74K3iBjkxI2l5wwOEbQg2w==",
      "license": "MIT"
    },
    "node_modules/esprima": {
      "version": "4.0.1",
      "resolved": "https://registry.npmjs.org/esprima/-/esprima-4.0.1.tgz",
      "integrity": "sha512-eGuFFw7Upda+g4p+QHvnW0RyTX/SVeJBDM/gCtMARO0cLuT2HcEKnTPvhjV6aGeqrCB/sbNop0Kszm0jsaWU4A==",
      "bin": {
        "esparse": "bin/esparse.js",
        "esvalidate": "bin/esvalidate.js"
      },
      "engines": {
        "node": ">=4"
      }
    },
    "node_modules/jquery": {
      "version": "3.6.0",
      "resolved": "https://registry.npmjs.org/jquery/-/jquery-3.6.0.tgz",
      "integrity": "sha512-JVzAR/AjBvVt2BmYhxRCSYysDsPcssdmTFnzyLEts9qNwmjmu4JTAMYubEfwVOSwpQ1I1sKKFcxhZCI2buerfw=="
    },
    "node_modules/jquery.fancytree": {
      "version": "2.38.0",
      "resolved": "https://registry.npmjs.org/jquery.fancytree/-/jquery.fancytree-2.38.0.tgz",
      "integrity": "sha512-7H7Lnf6n2m1UyXNJtPXayi9ZTdfl1ouerViQS7ISrBvusklgWfOTzbRFxs/RuHLxsEgxHpny/vbiKiTNe3IhhA==",
      "license": "MIT",
      "peerDependencies": {
        "jquery": ">=1.9"
      }
    },
    "node_modules/metro4-dist": {
      "version": "4.4.3",
      "resolved": "https://registry.npmjs.org/metro4-dist/-/metro4-dist-4.4.3.tgz",
      "integrity": "sha512-5cnukRGTYL3p4lWVG/BeHLG4BjdYF8u4mlJYhZiR/pSsX29/YZOf48OJdjzQPJODgwXYPU1XIdaqqTNN+wFnVQ==",
      "license": "MIT"
    },
    "node_modules/mobile-drag-drop": {
      "version": "2.3.0-rc.2",
      "resolved": "https://registry.npmjs.org/mobile-drag-drop/-/mobile-drag-drop-2.3.0-rc.2.tgz",
      "integrity": "sha512-4rHP0PUeWkSp0O3waNHPQZCHeZnLu8bE59MerWOnZJ249BCyICXL1WWp3xqkMKXEDFYuhfk3bS42bKB9IeN9uw=="
    },
    "node_modules/monaco-editor": {
      "version": "0.24.0",
      "resolved": "https://registry.npmjs.org/monaco-editor/-/monaco-editor-0.24.0.tgz",
      "integrity": "sha512-o1f0Lz6ABFNTtnEqqqvlY9qzNx24rQZx1RgYNQ8SkWkE+Ka63keHH/RqxQ4QhN4fs/UYOnvAtEUZsPrzccH++A=="
    },
    "node_modules/typescript": {
      "version": "4.3.2",
      "resolved": "https://registry.npmjs.org/typescript/-/typescript-4.3.2.tgz",
      "integrity": "sha512-zZ4hShnmnoVnAHpVHWpTcxdv7dWP60S2FsydQLV8V5PbS3FifjWFFRiHSWpDJahly88PRyV5teTSLoq4eG7mKw==",
      "dev": true,
      "bin": {
        "tsc": "bin/tsc",
        "tsserver": "bin/tsserver"
      },
      "engines": {
        "node": ">=4.2.0"
      }
    }
  },
  "dependencies": {
    "@fortawesome/fontawesome-free": {
      "version": "5.15.3",
      "resolved": "https://registry.npmjs.org/@fortawesome/fontawesome-free/-/fontawesome-free-5.15.3.tgz",
      "integrity": "sha512-rFnSUN/QOtnOAgqFRooTA3H57JLDm0QEG/jPdk+tLQNL/eWd+Aok8g3qCI+Q1xuDPWpGW/i9JySpJVsq8Q0s9w=="
    },
    "@node-projects/base-custom-webcomponent": {
      "version": "0.0.230",
      "resolved": "https://registry.npmjs.org/@node-projects/base-custom-webcomponent/-/base-custom-webcomponent-0.0.230.tgz",
      "integrity": "sha512-WM3vze7WM26gfYr1eU/CEQZOgMuUtyALt6J+uPJoFPSpAAzQeWS3xIiz/p0S0crq9mFYmEoafrtwtVCa9h1z+A=="
    },
    "@node-projects/lean-he-esm": {
      "version": "3.3.0",
      "resolved": "https://registry.npmjs.org/@node-projects/lean-he-esm/-/lean-he-esm-3.3.0.tgz",
      "integrity": "sha512-QgPAgWiBX6o57yRWXYmmE35FrZ0NKfCO7CmZi2CmzekE+aclQV4VnYMQfZJi5xyeQUahpWFex5jnXEYZpFrW2Q=="
    },
    "@node-projects/node-html-parser-esm": {
      "version": "2.2.2",
      "resolved": "https://registry.npmjs.org/@node-projects/node-html-parser-esm/-/node-html-parser-esm-2.2.2.tgz",
      "integrity": "sha512-jUNJlcSswb5LtQgRqtaIwqdEbtzYGKzGeGitbkO4B6tBbbuSToATPDA6C70mOMP0C67PJy9f89agF8gTQRQUbw==",
      "requires": {
        "@node-projects/lean-he-esm": "^3.2.0"
      }
    },
    "@node-projects/web-component-designer": {
      "version": "0.0.2",
      "resolved": "https://registry.npmjs.org/@node-projects/web-component-designer/-/web-component-designer-0.0.2.tgz",
      "integrity": "sha512-ByvD+3mTJjXTjpUqxf19/r3FBXjjtNrCgbacRThLmc3t2sTBtaJdWwRbFH3nEMP7+7FWxl3pcaAbNhq7d8Ut8A==",
      "requires": {
        "@node-projects/base-custom-webcomponent": "^0.0.230",
        "construct-style-sheets-polyfill": "^2.4.16"
      }
    },
    "construct-style-sheets-polyfill": {
      "version": "2.4.16",
      "resolved": "https://registry.npmjs.org/construct-style-sheets-polyfill/-/construct-style-sheets-polyfill-2.4.16.tgz",
      "integrity": "sha512-gaXX8c0IcLpTNj6q6TCKnhBJ1wuzmWEIrjp3pc1XfXS57WnvB3rVeAvsqYwyGOdPNdZiZYFyCOLgYbKKjhHIFg=="
    },
    "dock-spawn-ts": {
      "version": "2.210.0",
      "resolved": "https://registry.npmjs.org/dock-spawn-ts/-/dock-spawn-ts-2.210.0.tgz",
      "integrity": "sha512-XdbtF4TyUdy4OOcAkX42wMspKJOO5ZnPXwN7RztRmcsb1HxkPldn8y3m/Mgb/J8g74K3iBjkxI2l5wwOEbQg2w=="
    },
    "esprima": {
      "version": "4.0.1",
      "resolved": "https://registry.npmjs.org/esprima/-/esprima-4.0.1.tgz",
      "integrity": "sha512-eGuFFw7Upda+g4p+QHvnW0RyTX/SVeJBDM/gCtMARO0cLuT2HcEKnTPvhjV6aGeqrCB/sbNop0Kszm0jsaWU4A=="
    },
    "jquery": {
      "version": "3.6.0",
      "resolved": "https://registry.npmjs.org/jquery/-/jquery-3.6.0.tgz",
      "integrity": "sha512-JVzAR/AjBvVt2BmYhxRCSYysDsPcssdmTFnzyLEts9qNwmjmu4JTAMYubEfwVOSwpQ1I1sKKFcxhZCI2buerfw=="
    },
    "jquery.fancytree": {
      "version": "2.38.0",
      "resolved": "https://registry.npmjs.org/jquery.fancytree/-/jquery.fancytree-2.38.0.tgz",
      "integrity": "sha512-7H7Lnf6n2m1UyXNJtPXayi9ZTdfl1ouerViQS7ISrBvusklgWfOTzbRFxs/RuHLxsEgxHpny/vbiKiTNe3IhhA==",
      "requires": {}
    },
    "metro4-dist": {
      "version": "4.4.3",
      "resolved": "https://registry.npmjs.org/metro4-dist/-/metro4-dist-4.4.3.tgz",
      "integrity": "sha512-5cnukRGTYL3p4lWVG/BeHLG4BjdYF8u4mlJYhZiR/pSsX29/YZOf48OJdjzQPJODgwXYPU1XIdaqqTNN+wFnVQ=="
    },
    "mobile-drag-drop": {
      "version": "2.3.0-rc.2",
      "resolved": "https://registry.npmjs.org/mobile-drag-drop/-/mobile-drag-drop-2.3.0-rc.2.tgz",
      "integrity": "sha512-4rHP0PUeWkSp0O3waNHPQZCHeZnLu8bE59MerWOnZJ249BCyICXL1WWp3xqkMKXEDFYuhfk3bS42bKB9IeN9uw=="
    },
    "monaco-editor": {
      "version": "0.24.0",
      "resolved": "https://registry.npmjs.org/monaco-editor/-/monaco-editor-0.24.0.tgz",
      "integrity": "sha512-o1f0Lz6ABFNTtnEqqqvlY9qzNx24rQZx1RgYNQ8SkWkE+Ka63keHH/RqxQ4QhN4fs/UYOnvAtEUZsPrzccH++A=="
    },
    "typescript": {
      "version": "4.3.2",
      "resolved": "https://registry.npmjs.org/typescript/-/typescript-4.3.2.tgz",
      "integrity": "sha512-zZ4hShnmnoVnAHpVHWpTcxdv7dWP60S2FsydQLV8V5PbS3FifjWFFRiHSWpDJahly88PRyV5teTSLoq4eG7mKw==",
      "dev": true
    }
  }
}
