{
  "name": "iobroker.webui",
  "version": "0.0.1",
  "lockfileVersion": 1,
  "requires": true,
  "dependencies": {
    "@node-projects/base-custom-webcomponent": {
      "version": "0.0.10",
      "resolved": "https://registry.npmjs.org/@node-projects/base-custom-webcomponent/-/base-custom-webcomponent-0.0.10.tgz",
      "integrity": "sha512-JwX2L1y0VkEBj1nu8xCtcPP9P81+/lejzfT3pev4sbFRbttq2kT6cbJ5JRky1SizgcaSJCksYBAJ+JBkhvdpBQ=="
    },
    "@node-projects/web-component-designer": {
      "version": "git+https://github.com/node-projects/web-component-designer.git#0689b85a5e2fba1d046a7b156d12634147901f82",
      "from": "git+https://github.com/node-projects/web-component-designer.git#0689b85a5e2fba1d046a7b156d12634147901f82",
      "requires": {
        "@node-projects/base-custom-webcomponent": "0.0.10",
        "@webcomponents/webcomponentsjs": "^2.4.4",
        "construct-style-sheets-polyfill": "^2.4.2"
      },
      "dependencies": {
        "construct-style-sheets-polyfill": {
          "version": "2.4.2",
          "resolved": "https://registry.npmjs.org/construct-style-sheets-polyfill/-/construct-style-sheets-polyfill-2.4.2.tgz",
          "integrity": "sha512-7x5KnqpK+rS3s7ueA0CAxrVTsTZx/c2wzQoUBbQvU0oSeK44YDZMOZQP3SuOAj1dwRXLc++orp+mM2EOIWXX0w=="
        }
      }
    },
    "@webcomponents/webcomponentsjs": {
      "version": "2.4.4",
      "resolved": "https://registry.npmjs.org/@webcomponents/webcomponentsjs/-/webcomponentsjs-2.4.4.tgz",
      "integrity": "sha512-UWXZYbaDLLfhm+xONXTiDciyhOSwKRrZieGQHFMSMGSxY4mbjZ5uYzOKgnuX0luYFvjJw32G3r0sCwQZPJIR4Q=="
    },
    "construct-style-sheets-polyfill": {
      "version": "2.4.0",
      "resolved": "https://registry.npmjs.org/construct-style-sheets-polyfill/-/construct-style-sheets-polyfill-2.4.0.tgz",
      "integrity": "sha512-UG4bnGISLJWh6XPCs5liPA6BMOcVgWqUWOCocZfyO1Tbhe3x7I4Yl/GfE7aYkPvK/mSThNkm8LBn+YSYdJFhCA=="
    },
    "dock-spawn-ts": {
      "version": "2.49.0",
      "resolved": "https://registry.npmjs.org/dock-spawn-ts/-/dock-spawn-ts-2.49.0.tgz",
      "integrity": "sha512-ZhmvhWqNR/DQFCnwMVn/49SbC7KQ+8Z0Wn1ovimzWr676xYBRoO46m4ABGUkinJ1KgzOPZVQ9fHzwlFZ2PEFPQ=="
    },
    "jquery": {
      "version": "3.5.1",
      "resolved": "https://registry.npmjs.org/jquery/-/jquery-3.5.1.tgz",
      "integrity": "sha512-XwIBPqcMn57FxfT+Go5pzySnm4KWkT1Tv7gjrpT1srtf8Weynl6R273VJ5GjkRb51IzMp5nbaPjJXMWeju2MKg=="
    },
    "jquery.fancytree": {
      "version": "2.36.1",
      "resolved": "https://registry.npmjs.org/jquery.fancytree/-/jquery.fancytree-2.36.1.tgz",
      "integrity": "sha512-QjLgUTsY8IZu2aUd75MuZfvcPvowakB1vbzBj2Rew+DAzz1rFOvIISJUhhlW+HGLV04/5FfjM6BbNvOdoqyMFg=="
    },
    "mobile-drag-drop": {
      "version": "2.3.0-rc.2",
      "resolved": "https://registry.npmjs.org/mobile-drag-drop/-/mobile-drag-drop-2.3.0-rc.2.tgz",
      "integrity": "sha512-4rHP0PUeWkSp0O3waNHPQZCHeZnLu8bE59MerWOnZJ249BCyICXL1WWp3xqkMKXEDFYuhfk3bS42bKB9IeN9uw=="
    },
    "monaco-editor": {
      "version": "0.20.0",
      "resolved": "https://registry.npmjs.org/monaco-editor/-/monaco-editor-0.20.0.tgz",
      "integrity": "sha512-hkvf4EtPJRMQlPC3UbMoRs0vTAFAYdzFQ+gpMb8A+9znae1c43q8Mab9iVsgTcg/4PNiLGGn3SlDIa8uvK1FIQ=="
    },
    "typescript": {
      "version": "4.0.2",
      "resolved": "https://registry.npmjs.org/typescript/-/typescript-4.0.2.tgz",
      "integrity": "sha512-e4ERvRV2wb+rRZ/IQeb3jm2VxBsirQLpQhdxplZ2MEzGvDkkMmPglecnNDfSUBivMjP93vRbngYYDQqQ/78bcQ==",
      "dev": true
    }
  }
}
