{
  "name": "iobroker.webui",
  "version": "0.0.1",
  "lockfileVersion": 1,
  "requires": true,
  "dependencies": {
    "@node-projects/base-custom-webcomponent": {
      "version": "0.0.10",
      "resolved": "https://registry.npmjs.org/@node-projects/base-custom-webcomponent/-/base-custom-webcomponent-0.0.10.tgz",
      "integrity": "sha512-JwX2L1y0VkEBj1nu8xCtcPP9P81+/lejzfT3pev4sbFRbttq2kT6cbJ5JRky1SizgcaSJCksYBAJ+JBkhvdpBQ=="
    },
    "@node-projects/web-component-designer": {
      "version": "git+https://github.com/node-projects/web-component-designer.git#e39ae55422341d7e5e14d883e1695b319355f2db",
      "from": "git+https://github.com/node-projects/web-component-designer.git",
      "requires": {
        "@node-projects/base-custom-webcomponent": "0.0.10",
        "@webcomponents/webcomponentsjs": "^2.4.4",
        "construct-style-sheets-polyfill": "^2.4.0"
      }
    },
    "@webcomponents/webcomponentsjs": {
      "version": "2.5.0",
      "resolved": "https://registry.npmjs.org/@webcomponents/webcomponentsjs/-/webcomponentsjs-2.5.0.tgz",
      "integrity": "sha512-C0l51MWQZ9kLzcxOZtniOMohpIFdCLZum7/TEHv3XWFc1Fvt5HCpbSX84x8ltka/JuNKcuiDnxXFkiB2gaePcg=="
    },
    "construct-style-sheets-polyfill": {
      "version": "2.4.0",
      "resolved": "https://registry.npmjs.org/construct-style-sheets-polyfill/-/construct-style-sheets-polyfill-2.4.0.tgz",
      "integrity": "sha512-UG4bnGISLJWh6XPCs5liPA6BMOcVgWqUWOCocZfyO1Tbhe3x7I4Yl/GfE7aYkPvK/mSThNkm8LBn+YSYdJFhCA=="
    },
    "dock-spawn-ts": {
      "version": "2.210.0",
      "resolved": "https://registry.npmjs.org/dock-spawn-ts/-/dock-spawn-ts-2.210.0.tgz",
      "integrity": "sha512-XdbtF4TyUdy4OOcAkX42wMspKJOO5ZnPXwN7RztRmcsb1HxkPldn8y3m/Mgb/J8g74K3iBjkxI2l5wwOEbQg2w=="
    },
    "jquery": {
      "version": "3.6.0",
      "resolved": "https://registry.npmjs.org/jquery/-/jquery-3.6.0.tgz",
      "integrity": "sha512-JVzAR/AjBvVt2BmYhxRCSYysDsPcssdmTFnzyLEts9qNwmjmu4JTAMYubEfwVOSwpQ1I1sKKFcxhZCI2buerfw=="
    },
    "jquery.fancytree": {
      "version": "2.36.1",
      "resolved": "https://registry.npmjs.org/jquery.fancytree/-/jquery.fancytree-2.36.1.tgz",
      "integrity": "sha512-QjLgUTsY8IZu2aUd75MuZfvcPvowakB1vbzBj2Rew+DAzz1rFOvIISJUhhlW+HGLV04/5FfjM6BbNvOdoqyMFg=="
    },
    "mobile-drag-drop": {
      "version": "2.3.0-rc.2",
      "resolved": "https://registry.npmjs.org/mobile-drag-drop/-/mobile-drag-drop-2.3.0-rc.2.tgz",
      "integrity": "sha512-4rHP0PUeWkSp0O3waNHPQZCHeZnLu8bE59MerWOnZJ249BCyICXL1WWp3xqkMKXEDFYuhfk3bS42bKB9IeN9uw=="
    },
    "monaco-editor": {
      "version": "0.20.0",
      "resolved": "https://registry.npmjs.org/monaco-editor/-/monaco-editor-0.20.0.tgz",
      "integrity": "sha512-hkvf4EtPJRMQlPC3UbMoRs0vTAFAYdzFQ+gpMb8A+9znae1c43q8Mab9iVsgTcg/4PNiLGGn3SlDIa8uvK1FIQ=="
    },
    "typescript": {
      "version": "4.2.3",
      "resolved": "https://registry.npmjs.org/typescript/-/typescript-4.2.3.tgz",
      "integrity": "sha512-qOcYwxaByStAWrBf4x0fibwZvMRG+r4cQoTjbPtUlrWjBHbmCAww1i448U0GJ+3cNNEtebDteo/cHOR3xJ4wEw==",
      "dev": true
    }
  }
}
